
Microsoft Visual Studio Solution File, Format Version 12.00
# Visual Studio Version 17
VisualStudioVersion = 17.5.33414.496
MinimumVisualStudioVersion = 10.0.40219.1
Project("{8BC9CEB8-8B4A-11D0-8D11-00A0C91BC942}") = "20230430", "20230430\20230430.vcxproj", "{610E536B-93B4-40C4-B620-8280A61FACC6}"
EndProject
Global
	GlobalSection(SolutionConfigurationPlatforms) = preSolution
		Debug|x64 = Debug|x64
		Debug|x86 = Debug|x86
		Release|x64 = Release|x64
		Release|x86 = Release|x86
	EndGlobalSection
	GlobalSection(ProjectConfigurationPlatforms) = postSolution
		{610E536B-93B4-40C4-B620-8280A61FACC6}.Debug|x64.ActiveCfg = Debug|x64
		{610E536B-93B4-40C4-B620-8280A61FACC6}.Debug|x64.Build.0 = Debug|x64
		{610E536B-93B4-40C4-B620-8280A61FACC6}.Debug|x86.ActiveCfg = Debug|Win32
		{610E536B-93B4-40C4-B620-8280A61FACC6}.Debug|x86.Build.0 = Debug|Win32
		{610E536B-93B4-40C4-B620-8280A61FACC6}.Release|x64.ActiveCfg = Release|x64
		{610E536B-93B4-40C4-B620-8280A61FACC6}.Release|x64.Build.0 = Release|x64
		{610E536B-93B4-40C4-B620-8280A61FACC6}.Release|x86.ActiveCfg = Release|Win32
		{610E536B-93B4-40C4-B620-8280A61FACC6}.Release|x86.Build.0 = Release|Win32
	EndGlobalSection
	GlobalSection(SolutionProperties) = preSolution
		HideSolutionNode = FALSE
	EndGlobalSection
	GlobalSection(ExtensibilityGlobals) = postSolution
		SolutionGuid = {0BACEBC6-4F4C-4CA1-B514-AE7493073808}
	EndGlobalSection
EndGlobal
